
Microsoft Visual Studio Solution File, Format Version 12.00
# Visual Studio Version 17
VisualStudioVersion = 17.9.34728.123
MinimumVisualStudioVersion = 10.0.40219.1
Project("{8BC9CEB8-8B4A-11D0-8D11-00A0C91BC942}") = "hydra+", "hydra+.vcxproj", "{126AA82F-72C8-4B4A-8FBA-1A8325F2AA2F}"
EndProject
Global
	GlobalSection(SolutionConfigurationPlatforms) = preSolution
		Debug|x64 = Debug|x64
		Debug|x86 = Debug|x86
		Release|x64 = Release|x64
		Release|x86 = Release|x86
	EndGlobalSection
	GlobalSection(ProjectConfigurationPlatforms) = postSolution
		{126AA82F-72C8-4B4A-8FBA-1A8325F2AA2F}.Debug|x64.ActiveCfg = Debug|x64
		{126AA82F-72C8-4B4A-8FBA-1A8325F2AA2F}.Debug|x64.Build.0 = Debug|x64
		{126AA82F-72C8-4B4A-8FBA-1A8325F2AA2F}.Debug|x86.ActiveCfg = Debug|Win32
		{126AA82F-72C8-4B4A-8FBA-1A8325F2AA2F}.Debug|x86.Build.0 = Debug|Win32
		{126AA82F-72C8-4B4A-8FBA-1A8325F2AA2F}.Release|x64.ActiveCfg = Release|x64
		{126AA82F-72C8-4B4A-8FBA-1A8325F2AA2F}.Release|x64.Build.0 = Release|x64
		{126AA82F-72C8-4B4A-8FBA-1A8325F2AA2F}.Release|x86.ActiveCfg = Release|Win32
		{126AA82F-72C8-4B4A-8FBA-1A8325F2AA2F}.Release|x86.Build.0 = Release|Win32
	EndGlobalSection
	GlobalSection(SolutionProperties) = preSolution
		HideSolutionNode = FALSE
	EndGlobalSection
	GlobalSection(ExtensibilityGlobals) = postSolution
		SolutionGuid = {1A76C764-2749-49C2-AE9E-76683CF4A153}
	EndGlobalSection
EndGlobal
